{
    "_readme": [
        "This file locks the dependencies of your project to a known state",
        "Read more about it at https://getcomposer.org/doc/01-basic-usage.md#installing-dependencies",
        "This file is @generated automatically"
    ],
    "content-hash": "da02a24d72e9ac06d47e876feeabc634",
    "packages": [
        {
            "name": "khokonc/mvc-core",
            "version": "v1.1",
            "source": {
                "type": "git",
                "url": "https://github.com/Khokon-Chandra/mvc-core.git",
                "reference": "6b06cb4483ce3a60c9f67e10e14020ab14bea343"
            },
            "dist": {
                "type": "zip",
                "url": "https://api.github.com/repos/Khokon-Chandra/mvc-core/zipball/6b06cb4483ce3a60c9f67e10e14020ab14bea343",
                "reference": "6b06cb4483ce3a60c9f67e10e14020ab14bea343",
                "shasum": ""
            },
            "require": {
                "php": "^7.4|^8.0"
            },
            "type": "library",
            "autoload": {
                "psr-4": {
                    "khokonc\\mvc\\": "/"
                }
            },
            "notification-url": "https://packagist.org/downloads/",
            "authors": [
                {
                    "name": "Khokon-Chandra",
                    "email": "khokonchandra4@gmail.com"
                }
            ],
            "description": "php framework",
            "support": {
                "issues": "https://github.com/Khokon-Chandra/mvc-core/issues",
                "source": "https://github.com/Khokon-Chandra/mvc-core/tree/v1.1"
            },
            "time": "2023-04-03T04:26:58+00:00"
        }
    ],
    "packages-dev": [],
    "aliases": [],
    "minimum-stability": "stable",
    "stability-flags": [],
    "prefer-stable": false,
    "prefer-lowest": false,
    "platform": {
        "php": "^7.4|^8.0"
    },
    "platform-dev": [],
    "plugin-api-version": "2.3.0"
}
